
Microsoft Visual Studio Solution File, Format Version 12.00
# Visual Studio Version 17
VisualStudioVersion = 17.9.34902.65
MinimumVisualStudioVersion = 10.0.40219.1
Project("{8BC9CEB8-8B4A-11D0-8D11-00A0C91BC942}") = "Modules_and_files", "Modules_and_files.vcxproj", "{6F0EF9BB-E664-4227-BEDF-A9E7F8E43BA3}"
EndProject
Global
	GlobalSection(SolutionConfigurationPlatforms) = preSolution
		Debug|x64 = Debug|x64
		Debug|x86 = Debug|x86
		Release|x64 = Release|x64
		Release|x86 = Release|x86
	EndGlobalSection
	GlobalSection(ProjectConfigurationPlatforms) = postSolution
		{6F0EF9BB-E664-4227-BEDF-A9E7F8E43BA3}.Debug|x64.ActiveCfg = Debug|x64
		{6F0EF9BB-E664-4227-BEDF-A9E7F8E43BA3}.Debug|x64.Build.0 = Debug|x64
		{6F0EF9BB-E664-4227-BEDF-A9E7F8E43BA3}.Debug|x86.ActiveCfg = Debug|Win32
		{6F0EF9BB-E664-4227-BEDF-A9E7F8E43BA3}.Debug|x86.Build.0 = Debug|Win32
		{6F0EF9BB-E664-4227-BEDF-A9E7F8E43BA3}.Release|x64.ActiveCfg = Release|x64
		{6F0EF9BB-E664-4227-BEDF-A9E7F8E43BA3}.Release|x64.Build.0 = Release|x64
		{6F0EF9BB-E664-4227-BEDF-A9E7F8E43BA3}.Release|x86.ActiveCfg = Release|Win32
		{6F0EF9BB-E664-4227-BEDF-A9E7F8E43BA3}.Release|x86.Build.0 = Release|Win32
	EndGlobalSection
	GlobalSection(SolutionProperties) = preSolution
		HideSolutionNode = FALSE
	EndGlobalSection
	GlobalSection(ExtensibilityGlobals) = postSolution
		SolutionGuid = {796C5FE1-8F72-43B1-8335-AF49E4CF9BE4}
	EndGlobalSection
EndGlobal
